
Microsoft Visual Studio Solution File, Format Version 12.00
# Visual Studio Version 17
VisualStudioVersion = 17.0.31612.314
MinimumVisualStudioVersion = 10.0.40219.1
Project("{9A19103F-16F7-4668-BE54-9A1E7A4F7556}") = "GestionWeb", "GestionWeb\GestionWeb.csproj", "{78EE53A5-6427-49FD-BD73-C8C7F7085C4E}"
EndProject
Project("{FAE04EC0-301F-11D3-BF4B-00C04F79EFBC}") = "Instalador", "Instalador\Instalador.csproj", "{A5E84A4E-3985-4EB1-B64B-00BBB68031B9}"
EndProject
Global
	GlobalSection(SolutionConfigurationPlatforms) = preSolution
		Debug|Any CPU = Debug|Any CPU
		Release|Any CPU = Release|Any CPU
	EndGlobalSection
	GlobalSection(ProjectConfigurationPlatforms) = postSolution
		{78EE53A5-6427-49FD-BD73-C8C7F7085C4E}.Debug|Any CPU.ActiveCfg = Debug|Any CPU
		{78EE53A5-6427-49FD-BD73-C8C7F7085C4E}.Debug|Any CPU.Build.0 = Debug|Any CPU
		{78EE53A5-6427-49FD-BD73-C8C7F7085C4E}.Release|Any CPU.ActiveCfg = Release|Any CPU
		{78EE53A5-6427-49FD-BD73-C8C7F7085C4E}.Release|Any CPU.Build.0 = Release|Any CPU
		{A5E84A4E-3985-4EB1-B64B-00BBB68031B9}.Debug|Any CPU.ActiveCfg = Debug|Any CPU
		{A5E84A4E-3985-4EB1-B64B-00BBB68031B9}.Debug|Any CPU.Build.0 = Debug|Any CPU
		{A5E84A4E-3985-4EB1-B64B-00BBB68031B9}.Release|Any CPU.ActiveCfg = Release|Any CPU
		{A5E84A4E-3985-4EB1-B64B-00BBB68031B9}.Release|Any CPU.Build.0 = Release|Any CPU
	EndGlobalSection
	GlobalSection(SolutionProperties) = preSolution
		HideSolutionNode = FALSE
	EndGlobalSection
	GlobalSection(ExtensibilityGlobals) = postSolution
		SolutionGuid = {09460566-1B1B-49C3-B9EF-088D8F511DA2}
	EndGlobalSection
EndGlobal
